
Microsoft Visual Studio Solution File, Format Version 12.00
# Visual Studio Version 16
VisualStudioVersion = 16.0.30413.136
MinimumVisualStudioVersion = 10.0.40219.1
Project("{FAE04EC0-301F-11D3-BF4B-00C04F79EFBC}") = "Sum200", "Sum200\Sum200.csproj", "{CF0DC3E7-B37E-479F-A125-33194640B151}"
EndProject
Global
	GlobalSection(SolutionConfigurationPlatforms) = preSolution
		Debug|Any CPU = Debug|Any CPU
		Release|Any CPU = Release|Any CPU
	EndGlobalSection
	GlobalSection(ProjectConfigurationPlatforms) = postSolution
		{CF0DC3E7-B37E-479F-A125-33194640B151}.Debug|Any CPU.ActiveCfg = Debug|Any CPU
		{CF0DC3E7-B37E-479F-A125-33194640B151}.Debug|Any CPU.Build.0 = Debug|Any CPU
		{CF0DC3E7-B37E-479F-A125-33194640B151}.Release|Any CPU.ActiveCfg = Release|Any CPU
		{CF0DC3E7-B37E-479F-A125-33194640B151}.Release|Any CPU.Build.0 = Release|Any CPU
	EndGlobalSection
	GlobalSection(SolutionProperties) = preSolution
		HideSolutionNode = FALSE
	EndGlobalSection
	GlobalSection(ExtensibilityGlobals) = postSolution
		SolutionGuid = {058498C6-D335-4F06-9D5A-F5DBE94BE98B}
	EndGlobalSection
EndGlobal
